
Microsoft Visual Studio Solution File, Format Version 12.00
# Visual Studio Version 17
VisualStudioVersion = 17.11.35327.3
MinimumVisualStudioVersion = 10.0.40219.1
Project("{888888A0-9F3D-457C-B088-3A5042F75D52}") = "ArsenalTicketBot", "ArsenalTicketBot.pyproj", "{07A93BF4-0F37-457A-9ACC-BE3286012717}"
EndProject
Global
	GlobalSection(SolutionConfigurationPlatforms) = preSolution
		Debug|Any CPU = Debug|Any CPU
		Release|Any CPU = Release|Any CPU
	EndGlobalSection
	GlobalSection(ProjectConfigurationPlatforms) = postSolution
		{07A93BF4-0F37-457A-9ACC-BE3286012717}.Debug|Any CPU.ActiveCfg = Debug|Any CPU
		{07A93BF4-0F37-457A-9ACC-BE3286012717}.Release|Any CPU.ActiveCfg = Release|Any CPU
	EndGlobalSection
	GlobalSection(SolutionProperties) = preSolution
		HideSolutionNode = FALSE
	EndGlobalSection
	GlobalSection(ExtensibilityGlobals) = postSolution
		SolutionGuid = {48452F6B-B830-4B32-98F0-4622DFC40152}
	EndGlobalSection
EndGlobal
